
Microsoft Visual Studio Solution File, Format Version 12.00
# Visual Studio 15
VisualStudioVersion = 15.0.27130.2036
MinimumVisualStudioVersion = 10.0.40219.1
Project("{FAE04EC0-301F-11D3-BF4B-00C04F79EFBC}") = "Restart", "Restart\Restart.csproj", "{430B5FBB-020D-4A09-A417-E6E39792F4E2}"
EndProject
Global
	GlobalSection(SolutionConfigurationPlatforms) = preSolution
		Debug|Any CPU = Debug|Any CPU
		Release|Any CPU = Release|Any CPU
	EndGlobalSection
	GlobalSection(ProjectConfigurationPlatforms) = postSolution
		{430B5FBB-020D-4A09-A417-E6E39792F4E2}.Debug|Any CPU.ActiveCfg = Debug|Any CPU
		{430B5FBB-020D-4A09-A417-E6E39792F4E2}.Debug|Any CPU.Build.0 = Debug|Any CPU
		{430B5FBB-020D-4A09-A417-E6E39792F4E2}.Release|Any CPU.ActiveCfg = Release|Any CPU
		{430B5FBB-020D-4A09-A417-E6E39792F4E2}.Release|Any CPU.Build.0 = Release|Any CPU
	EndGlobalSection
	GlobalSection(SolutionProperties) = preSolution
		HideSolutionNode = FALSE
	EndGlobalSection
	GlobalSection(ExtensibilityGlobals) = postSolution
		SolutionGuid = {6234C69C-A088-4702-A0B2-CC0E17F390C2}
	EndGlobalSection
EndGlobal
